// !$*UTF8*$!
{
	archiveVersion = 1;
	classes = {
	};
	objectVersion = 55;
	objects = {

/* Begin PBXBuildFile section */
		5753CB45280CFC4800C450FD /* AppDelegate.swift in Sources */ = {isa = PBXBuildFile; fileRef = 5753CB44280CFC4800C450FD /* AppDelegate.swift */; };
		5753CB47280CFC4800C450FD /* SceneDelegate.swift in Sources */ = {isa = PBXBuildFile; fileRef = 5753CB46280CFC4800C450FD /* SceneDelegate.swift */; };
		5753CB49280CFC4800C450FD /* ViewController.swift in Sources */ = {isa = PBXBuildFile; fileRef = 5753CB48280CFC4800C450FD /* ViewController.swift */; };
		5753CB4C280CFC4800C450FD /* Main.storyboard in Resources */ = {isa = PBXBuildFile; fileRef = 5753CB4A280CFC4800C450FD /* Main.storyboard */; };
		5753CB4E280CFC4B00C450FD /* Assets.xcassets in Resources */ = {isa = PBXBuildFile; fileRef = 5753CB4D280CFC4B00C450FD /* Assets.xcassets */; };
		5753CB51280CFC4B00C450FD /* LaunchScreen.storyboard in Resources */ = {isa = PBXBuildFile; fileRef = 5753CB4F280CFC4B00C450FD /* LaunchScreen.storyboard */; };
		5753CB65280CFD5600C450FD /* CalendarManager.swift in Sources */ = {isa = PBXBuildFile; fileRef = 5753CB64280CFD5600C450FD /* CalendarManager.swift */; };
		5753CB6B280EB7AA00C450FD /* CalendarModel.swift in Sources */ = {isa = PBXBuildFile; fileRef = 5753CB6A280EB7AA00C450FD /* CalendarModel.swift */; };
		5753CB6D280FFBE000C450FD /* CalendarView.swift in Sources */ = {isa = PBXBuildFile; fileRef = 5753CB6C280FFBDF00C450FD /* CalendarView.swift */; };
		5753CB702810EC1000C450FD /* CalendarCell.swift in Sources */ = {isa = PBXBuildFile; fileRef = 5753CB6F2810EC0F00C450FD /* CalendarCell.swift */; };
		5753CB7328112BC100C450FD /* SnapKit in Frameworks */ = {isa = PBXBuildFile; productRef = 5753CB7228112BC100C450FD /* SnapKit */; };
		5753CB752811526700C450FD /* CalendarConfigure.swift in Sources */ = {isa = PBXBuildFile; fileRef = 5753CB742811526600C450FD /* CalendarConfigure.swift */; };
		5753CB782811563400C450FD /* SJZBaseModule in Frameworks */ = {isa = PBXBuildFile; productRef = 5753CB772811563400C450FD /* SJZBaseModule */; };
/* End PBXBuildFile section */

/* Begin PBXFileReference section */
		5753CB41280CFC4800C450FD /* Demo.app */ = {isa = PBXFileReference; explicitFileType = wrapper.application; includeInIndex = 0; path = Demo.app; sourceTree = BUILT_PRODUCTS_DIR; };
		5753CB44280CFC4800C450FD /* AppDelegate.swift */ = {isa = PBXFileReference; lastKnownFileType = sourcecode.swift; path = AppDelegate.swift; sourceTree = "<group>"; };
		5753CB46280CFC4800C450FD /* SceneDelegate.swift */ = {isa = PBXFileReference; lastKnownFileType = sourcecode.swift; path = SceneDelegate.swift; sourceTree = "<group>"; };
		5753CB48280CFC4800C450FD /* ViewController.swift */ = {isa = PBXFileReference; lastKnownFileType = sourcecode.swift; path = ViewController.swift; sourceTree = "<group>"; };
		5753CB4B280CFC4800C450FD /* Base */ = {isa = PBXFileReference; lastKnownFileType = file.storyboard; name = Base; path = Base.lproj/Main.storyboard; sourceTree = "<group>"; };
		5753CB4D280CFC4B00C450FD /* Assets.xcassets */ = {isa = PBXFileReference; lastKnownFileType = folder.assetcatalog; path = Assets.xcassets; sourceTree = "<group>"; };
		5753CB50280CFC4B00C450FD /* Base */ = {isa = PBXFileReference; lastKnownFileType = file.storyboard; name = Base; path = Base.lproj/LaunchScreen.storyboard; sourceTree = "<group>"; };
		5753CB52280CFC4B00C450FD /* Info.plist */ = {isa = PBXFileReference; lastKnownFileType = text.plist.xml; path = Info.plist; sourceTree = "<group>"; };
		5753CB64280CFD5600C450FD /* CalendarManager.swift */ = {isa = PBXFileReference; lastKnownFileType = sourcecode.swift; path = CalendarManager.swift; sourceTree = "<group>"; };
		5753CB6A280EB7AA00C450FD /* CalendarModel.swift */ = {isa = PBXFileReference; lastKnownFileType = sourcecode.swift; path = CalendarModel.swift; sourceTree = "<group>"; };
		5753CB6C280FFBDF00C450FD /* CalendarView.swift */ = {isa = PBXFileReference; lastKnownFileType = sourcecode.swift; path = CalendarView.swift; sourceTree = "<group>"; };
		5753CB6F2810EC0F00C450FD /* CalendarCell.swift */ = {isa = PBXFileReference; lastKnownFileType = sourcecode.swift; path = CalendarCell.swift; sourceTree = "<group>"; };
		5753CB742811526600C450FD /* CalendarConfigure.swift */ = {isa = PBXFileReference; lastKnownFileType = sourcecode.swift; path = CalendarConfigure.swift; sourceTree = "<group>"; };
/* End PBXFileReference section */

/* Begin PBXFrameworksBuildPhase section */
		5753CB3E280CFC4800C450FD /* Frameworks */ = {
			isa = PBXFrameworksBuildPhase;
			buildActionMask = 2147483647;
			files = (
				5753CB7328112BC100C450FD /* SnapKit in Frameworks */,
				5753CB782811563400C450FD /* SJZBaseModule in Frameworks */,
			);
			runOnlyForDeploymentPostprocessing = 0;
		};
/* End PBXFrameworksBuildPhase section */

/* Begin PBXGroup section */
		5753CB38280CFC4800C450FD = {
			isa = PBXGroup;
			children = (
				5753CB43280CFC4800C450FD /* Demo */,
				5753CB42280CFC4800C450FD /* Products */,
			);
			sourceTree = "<group>";
		};
		5753CB42280CFC4800C450FD /* Products */ = {
			isa = PBXGroup;
			children = (
				5753CB41280CFC4800C450FD /* Demo.app */,
			);
			name = Products;
			sourceTree = "<group>";
		};
		5753CB43280CFC4800C450FD /* Demo */ = {
			isa = PBXGroup;
			children = (
				5753CB60280CFCCC00C450FD /* Sources */,
				5753CB44280CFC4800C450FD /* AppDelegate.swift */,
				5753CB46280CFC4800C450FD /* SceneDelegate.swift */,
				5753CB48280CFC4800C450FD /* ViewController.swift */,
				5753CB4A280CFC4800C450FD /* Main.storyboard */,
				5753CB4D280CFC4B00C450FD /* Assets.xcassets */,
				5753CB4F280CFC4B00C450FD /* LaunchScreen.storyboard */,
				5753CB52280CFC4B00C450FD /* Info.plist */,
			);
			path = Demo;
			sourceTree = "<group>";
		};
		5753CB60280CFCCC00C450FD /* Sources */ = {
			isa = PBXGroup;
			children = (
				5753CB61280CFCCC00C450FD /* SJZCalendar */,
			);
			name = Sources;
			path = ../../Sources;
			sourceTree = "<group>";
		};
		5753CB61280CFCCC00C450FD /* SJZCalendar */ = {
			isa = PBXGroup;
			children = (
				5753CB64280CFD5600C450FD /* CalendarManager.swift */,
				5753CB6A280EB7AA00C450FD /* CalendarModel.swift */,
				5753CB6C280FFBDF00C450FD /* CalendarView.swift */,
				5753CB6F2810EC0F00C450FD /* CalendarCell.swift */,
				5753CB742811526600C450FD /* CalendarConfigure.swift */,
			);
			path = SJZCalendar;
			sourceTree = "<group>";
		};
/* End PBXGroup section */

/* Begin PBXNativeTarget section */
		5753CB40280CFC4800C450FD /* Demo */ = {
			isa = PBXNativeTarget;
			buildConfigurationList = 5753CB55280CFC4B00C450FD /* Build configuration list for PBXNativeTarget "Demo" */;
			buildPhases = (
				5753CB3D280CFC4800C450FD /* Sources */,
				5753CB3E280CFC4800C450FD /* Frameworks */,
				5753CB3F280CFC4800C450FD /* Resources */,
			);
			buildRules = (
			);
			dependencies = (
			);
			name = Demo;
			packageProductDependencies = (
				5753CB7228112BC100C450FD /* SnapKit */,
				5753CB772811563400C450FD /* SJZBaseModule */,
			);
			productName = Demo;
			productReference = 5753CB41280CFC4800C450FD /* Demo.app */;
			productType = "com.apple.product-type.application";
		};
/* End PBXNativeTarget section */

/* Begin PBXProject section */
		5753CB39280CFC4800C450FD /* Project object */ = {
			isa = PBXProject;
			attributes = {
				BuildIndependentTargetsInParallel = 1;
				LastSwiftUpdateCheck = 1320;
				LastUpgradeCheck = 1320;
				TargetAttributes = {
					5753CB40280CFC4800C450FD = {
						CreatedOnToolsVersion = 13.2.1;
					};
				};
			};
			buildConfigurationList = 5753CB3C280CFC4800C450FD /* Build configuration list for PBXProject "Demo" */;
			compatibilityVersion = "Xcode 13.0";
			developmentRegion = en;
			hasScannedForEncodings = 0;
			knownRegions = (
				en,
				Base,
			);
			mainGroup = 5753CB38280CFC4800C450FD;
			packageReferences = (
				5753CB7128112BC000C450FD /* XCRemoteSwiftPackageReference "SnapKit" */,
				5753CB762811563400C450FD /* XCRemoteSwiftPackageReference "SJZBaseModule" */,
			);
			productRefGroup = 5753CB42280CFC4800C450FD /* Products */;
			projectDirPath = "";
			projectRoot = "";
			targets = (
				5753CB40280CFC4800C450FD /* Demo */,
			);
		};
/* End PBXProject section */

/* Begin PBXResourcesBuildPhase section */
		5753CB3F280CFC4800C450FD /* Resources */ = {
			isa = PBXResourcesBuildPhase;
			buildActionMask = 2147483647;
			files = (
				5753CB51280CFC4B00C450FD /* LaunchScreen.storyboard in Resources */,
				5753CB4E280CFC4B00C450FD /* Assets.xcassets in Resources */,
				5753CB4C280CFC4800C450FD /* Main.storyboard in Resources */,
			);
			runOnlyForDeploymentPostprocessing = 0;
		};
/* End PBXResourcesBuildPhase section */

/* Begin PBXSourcesBuildPhase section */
		5753CB3D280CFC4800C450FD /* Sources */ = {
			isa = PBXSourcesBuildPhase;
			buildActionMask = 2147483647;
			files = (
				5753CB49280CFC4800C450FD /* ViewController.swift in Sources */,
				5753CB6D280FFBE000C450FD /* CalendarView.swift in Sources */,
				5753CB65280CFD5600C450FD /* CalendarManager.swift in Sources */,
				5753CB752811526700C450FD /* CalendarConfigure.swift in Sources */,
				5753CB6B280EB7AA00C450FD /* CalendarModel.swift in Sources */,
				5753CB45280CFC4800C450FD /* AppDelegate.swift in Sources */,
				5753CB47280CFC4800C450FD /* SceneDelegate.swift in Sources */,
				5753CB702810EC1000C450FD /* CalendarCell.swift in Sources */,
			);
			runOnlyForDeploymentPostprocessing = 0;
		};
/* End PBXSourcesBuildPhase section */

/* Begin PBXVariantGroup section */
		5753CB4A280CFC4800C450FD /* Main.storyboard */ = {
			isa = PBXVariantGroup;
			children = (
				5753CB4B280CFC4800C450FD /* Base */,
			);
			name = Main.storyboard;
			sourceTree = "<group>";
		};
		5753CB4F280CFC4B00C450FD /* LaunchScreen.storyboard */ = {
			isa = PBXVariantGroup;
			children = (
				5753CB50280CFC4B00C450FD /* Base */,
			);
			name = LaunchScreen.storyboard;
			sourceTree = "<group>";
		};
/* End PBXVariantGroup section */

/* Begin XCBuildConfiguration section */
		5753CB53280CFC4B00C450FD /* Debug */ = {
			isa = XCBuildConfiguration;
			buildSettings = {
				ALWAYS_SEARCH_USER_PATHS = NO;
				CLANG_ANALYZER_NONNULL = YES;
				CLANG_ANALYZER_NUMBER_OBJECT_CONVERSION = YES_AGGRESSIVE;
				CLANG_CXX_LANGUAGE_STANDARD = "gnu++17";
				CLANG_CXX_LIBRARY = "libc++";
				CLANG_ENABLE_MODULES = YES;
				CLANG_ENABLE_OBJC_ARC = YES;
				CLANG_ENABLE_OBJC_WEAK = YES;
				CLANG_WARN_BLOCK_CAPTURE_AUTORELEASING = YES;
				CLANG_WARN_BOOL_CONVERSION = YES;
				CLANG_WARN_COMMA = YES;
				CLANG_WARN_CONSTANT_CONVERSION = YES;
				CLANG_WARN_DEPRECATED_OBJC_IMPLEMENTATIONS = YES;
				CLANG_WARN_DIRECT_OBJC_ISA_USAGE = YES_ERROR;
				CLANG_WARN_DOCUMENTATION_COMMENTS = YES;
				CLANG_WARN_EMPTY_BODY = YES;
				CLANG_WARN_ENUM_CONVERSION = YES;
				CLANG_WARN_INFINITE_RECURSION = YES;
				CLANG_WARN_INT_CONVERSION = YES;
				CLANG_WARN_NON_LITERAL_NULL_CONVERSION = YES;
				CLANG_WARN_OBJC_IMPLICIT_RETAIN_SELF = YES;
				CLANG_WARN_OBJC_LITERAL_CONVERSION = YES;
				CLANG_WARN_OBJC_ROOT_CLASS = YES_ERROR;
				CLANG_WARN_QUOTED_INCLUDE_IN_FRAMEWORK_HEADER = YES;
				CLANG_WARN_RANGE_LOOP_ANALYSIS = YES;
				CLANG_WARN_STRICT_PROTOTYPES = YES;
				CLANG_WARN_SUSPICIOUS_MOVE = YES;
				CLANG_WARN_UNGUARDED_AVAILABILITY = YES_AGGRESSIVE;
				CLANG_WARN_UNREACHABLE_CODE = YES;
				CLANG_WARN__DUPLICATE_METHOD_MATCH = YES;
				COPY_PHASE_STRIP = NO;
				DEBUG_INFORMATION_FORMAT = dwarf;
				ENABLE_STRICT_OBJC_MSGSEND = YES;
				ENABLE_TESTABILITY = YES;
				GCC_C_LANGUAGE_STANDARD = gnu11;
				GCC_DYNAMIC_NO_PIC = NO;
				GCC_NO_COMMON_BLOCKS = YES;
				GCC_OPTIMIZATION_LEVEL = 0;
				GCC_PREPROCESSOR_DEFINITIONS = (
					"DEBUG=1",
					"$(inherited)",
				);
				GCC_WARN_64_TO_32_BIT_CONVERSION = YES;
				GCC_WARN_ABOUT_RETURN_TYPE = YES_ERROR;
				GCC_WARN_UNDECLARED_SELECTOR = YES;
				GCC_WARN_UNINITIALIZED_AUTOS = YES_AGGRESSIVE;
				GCC_WARN_UNUSED_FUNCTION = YES;
				GCC_WARN_UNUSED_VARIABLE = YES;
				IPHONEOS_DEPLOYMENT_TARGET = 15.2;
				MTL_ENABLE_DEBUG_INFO = INCLUDE_SOURCE;
				MTL_FAST_MATH = YES;
				ONLY_ACTIVE_ARCH = YES;
				SDKROOT = iphoneos;
				SWIFT_ACTIVE_COMPILATION_CONDITIONS = DEBUG;
				SWIFT_OPTIMIZATION_LEVEL = "-Onone";
			};
			name = Debug;
		};
		5753CB54280CFC4B00C450FD /* Release */ = {
			isa = XCBuildConfiguration;
			buildSettings = {
				ALWAYS_SEARCH_USER_PATHS = NO;
				CLANG_ANALYZER_NONNULL = YES;
				CLANG_ANALYZER_NUMBER_OBJECT_CONVERSION = YES_AGGRESSIVE;
				CLANG_CXX_LANGUAGE_STANDARD = "gnu++17";
				CLANG_CXX_LIBRARY = "libc++";
				CLANG_ENABLE_MODULES = YES;
				CLANG_ENABLE_OBJC_ARC = YES;
				CLANG_ENABLE_OBJC_WEAK = YES;
				CLANG_WARN_BLOCK_CAPTURE_AUTORELEASING = YES;
				CLANG_WARN_BOOL_CONVERSION = YES;
				CLANG_WARN_COMMA = YES;
				CLANG_WARN_CONSTANT_CONVERSION = YES;
				CLANG_WARN_DEPRECATED_OBJC_IMPLEMENTATIONS = YES;
				CLANG_WARN_DIRECT_OBJC_ISA_USAGE = YES_ERROR;
				CLANG_WARN_DOCUMENTATION_COMMENTS = YES;
				CLANG_WARN_EMPTY_BODY = YES;
				CLANG_WARN_ENUM_CONVERSION = YES;
				CLANG_WARN_INFINITE_RECURSION = YES;
				CLANG_WARN_INT_CONVERSION = YES;
				CLANG_WARN_NON_LITERAL_NULL_CONVERSION = YES;
				CLANG_WARN_OBJC_IMPLICIT_RETAIN_SELF = YES;
				CLANG_WARN_OBJC_LITERAL_CONVERSION = YES;
				CLANG_WARN_OBJC_ROOT_CLASS = YES_ERROR;
				CLANG_WARN_QUOTED_INCLUDE_IN_FRAMEWORK_HEADER = YES;
				CLANG_WARN_RANGE_LOOP_ANALYSIS = YES;
				CLANG_WARN_STRICT_PROTOTYPES = YES;
				CLANG_WARN_SUSPICIOUS_MOVE = YES;
				CLANG_WARN_UNGUARDED_AVAILABILITY = YES_AGGRESSIVE;
				CLANG_WARN_UNREACHABLE_CODE = YES;
				CLANG_WARN__DUPLICATE_METHOD_MATCH = YES;
				COPY_PHASE_STRIP = NO;
				DEBUG_INFORMATION_FORMAT = "dwarf-with-dsym";
				ENABLE_NS_ASSERTIONS = NO;
				ENABLE_STRICT_OBJC_MSGSEND = YES;
				GCC_C_LANGUAGE_STANDARD = gnu11;
				GCC_NO_COMMON_BLOCKS = YES;
				GCC_WARN_64_TO_32_BIT_CONVERSION = YES;
				GCC_WARN_ABOUT_RETURN_TYPE = YES_ERROR;
				GCC_WARN_UNDECLARED_SELECTOR = YES;
				GCC_WARN_UNINITIALIZED_AUTOS = YES_AGGRESSIVE;
				GCC_WARN_UNUSED_FUNCTION = YES;
				GCC_WARN_UNUSED_VARIABLE = YES;
				IPHONEOS_DEPLOYMENT_TARGET = 15.2;
				MTL_ENABLE_DEBUG_INFO = NO;
				MTL_FAST_MATH = YES;
				SDKROOT = iphoneos;
				SWIFT_COMPILATION_MODE = wholemodule;
				SWIFT_OPTIMIZATION_LEVEL = "-O";
				VALIDATE_PRODUCT = YES;
			};
			name = Release;
		};
		5753CB56280CFC4B00C450FD /* Debug */ = {
			isa = XCBuildConfiguration;
			buildSettings = {
				ASSETCATALOG_COMPILER_APPICON_NAME = AppIcon;
				ASSETCATALOG_COMPILER_GLOBAL_ACCENT_COLOR_NAME = AccentColor;
				CODE_SIGN_STYLE = Automatic;
				CURRENT_PROJECT_VERSION = 1;
				DEVELOPMENT_TEAM = 6U95EEA546;
				GENERATE_INFOPLIST_FILE = YES;
				INFOPLIST_FILE = Demo/Info.plist;
				INFOPLIST_KEY_UIApplicationSupportsIndirectInputEvents = YES;
				INFOPLIST_KEY_UILaunchStoryboardName = LaunchScreen;
				INFOPLIST_KEY_UIMainStoryboardFile = Main;
				INFOPLIST_KEY_UISupportedInterfaceOrientations_iPad = "UIInterfaceOrientationPortrait UIInterfaceOrientationPortraitUpsideDown UIInterfaceOrientationLandscapeLeft UIInterfaceOrientationLandscapeRight";
				INFOPLIST_KEY_UISupportedInterfaceOrientations_iPhone = "UIInterfaceOrientationPortrait UIInterfaceOrientationLandscapeLeft UIInterfaceOrientationLandscapeRight";
				IPHONEOS_DEPLOYMENT_TARGET = 13.0;
				LD_RUNPATH_SEARCH_PATHS = (
					"$(inherited)",
					"@executable_path/Frameworks",
				);
				MARKETING_VERSION = 1.0;
				PRODUCT_BUNDLE_IDENTIFIER = com.sjz.Demo;
				PRODUCT_NAME = "$(TARGET_NAME)";
				SWIFT_EMIT_LOC_STRINGS = YES;
				SWIFT_VERSION = 5.0;
				TARGETED_DEVICE_FAMILY = "1,2";
			};
			name = Debug;
		};
		5753CB57280CFC4B00C450FD /* Release */ = {
			isa = XCBuildConfiguration;
			buildSettings = {
				ASSETCATALOG_COMPILER_APPICON_NAME = AppIcon;
				ASSETCATALOG_COMPILER_GLOBAL_ACCENT_COLOR_NAME = AccentColor;
				CODE_SIGN_STYLE = Automatic;
				CURRENT_PROJECT_VERSION = 1;
				DEVELOPMENT_TEAM = 6U95EEA546;
				GENERATE_INFOPLIST_FILE = YES;
				INFOPLIST_FILE = Demo/Info.plist;
				INFOPLIST_KEY_UIApplicationSupportsIndirectInputEvents = YES;
				INFOPLIST_KEY_UILaunchStoryboardName = LaunchScreen;
				INFOPLIST_KEY_UIMainStoryboardFile = Main;
				INFOPLIST_KEY_UISupportedInterfaceOrientations_iPad = "UIInterfaceOrientationPortrait UIInterfaceOrientationPortraitUpsideDown UIInterfaceOrientationLandscapeLeft UIInterfaceOrientationLandscapeRight";
				INFOPLIST_KEY_UISupportedInterfaceOrientations_iPhone = "UIInterfaceOrientationPortrait UIInterfaceOrientationLandscapeLeft UIInterfaceOrientationLandscapeRight";
				IPHONEOS_DEPLOYMENT_TARGET = 13.0;
				LD_RUNPATH_SEARCH_PATHS = (
					"$(inherited)",
					"@executable_path/Frameworks",
				);
				MARKETING_VERSION = 1.0;
				PRODUCT_BUNDLE_IDENTIFIER = com.sjz.Demo;
				PRODUCT_NAME = "$(TARGET_NAME)";
				SWIFT_EMIT_LOC_STRINGS = YES;
				SWIFT_VERSION = 5.0;
				TARGETED_DEVICE_FAMILY = "1,2";
			};
			name = Release;
		};
/* End XCBuildConfiguration section */

/* Begin XCConfigurationList section */
		5753CB3C280CFC4800C450FD /* Build configuration list for PBXProject "Demo" */ = {
			isa = XCConfigurationList;
			buildConfigurations = (
				5753CB53280CFC4B00C450FD /* Debug */,
				5753CB54280CFC4B00C450FD /* Release */,
			);
			defaultConfigurationIsVisible = 0;
			defaultConfigurationName = Release;
		};
		5753CB55280CFC4B00C450FD /* Build configuration list for PBXNativeTarget "Demo" */ = {
			isa = XCConfigurationList;
			buildConfigurations = (
				5753CB56280CFC4B00C450FD /* Debug */,
				5753CB57280CFC4B00C450FD /* Release */,
			);
			defaultConfigurationIsVisible = 0;
			defaultConfigurationName = Release;
		};
/* End XCConfigurationList section */

/* Begin XCRemoteSwiftPackageReference section */
		5753CB7128112BC000C450FD /* XCRemoteSwiftPackageReference "SnapKit" */ = {
			isa = XCRemoteSwiftPackageReference;
			repositoryURL = "git@github.com:SnapKit/SnapKit.git";
			requirement = {
				kind = upToNextMajorVersion;
				minimumVersion = 5.0.0;
			};
		};
		5753CB762811563400C450FD /* XCRemoteSwiftPackageReference "SJZBaseModule" */ = {
			isa = XCRemoteSwiftPackageReference;
			repositoryURL = "git@github.com:sjzLovecj/SJZBaseModule.git";
			requirement = {
				kind = upToNextMajorVersion;
				minimumVersion = 0.0.1;
			};
		};
/* End XCRemoteSwiftPackageReference section */

/* Begin XCSwiftPackageProductDependency section */
		5753CB7228112BC100C450FD /* SnapKit */ = {
			isa = XCSwiftPackageProductDependency;
			package = 5753CB7128112BC000C450FD /* XCRemoteSwiftPackageReference "SnapKit" */;
			productName = SnapKit;
		};
		5753CB772811563400C450FD /* SJZBaseModule */ = {
			isa = XCSwiftPackageProductDependency;
			package = 5753CB762811563400C450FD /* XCRemoteSwiftPackageReference "SJZBaseModule" */;
			productName = SJZBaseModule;
		};
/* End XCSwiftPackageProductDependency section */
	};
	rootObject = 5753CB39280CFC4800C450FD /* Project object */;
}
